
Microsoft Visual Studio Solution File, Format Version 12.00
# Visual Studio Version 17
VisualStudioVersion = 17.14.36025.13 d17.14
MinimumVisualStudioVersion = 10.0.40219.1
Project("{FAE04EC0-301F-11D3-BF4B-00C04F79EFBC}") = "ProductCatalog", "ProductCatalog\ProductCatalog.csproj", "{3FC09D5A-37B4-499C-AEF8-8D4D91BA1EFB}"
EndProject
Project("{FAE04EC0-301F-11D3-BF4B-00C04F79EFBC}") = "ProductCatalog.Data", "ProductCatalog.Data\ProductCatalog.Data.csproj", "{DBBC976D-65E9-4EEF-ACB6-80A1FBE2710A}"
EndProject
Project("{FAE04EC0-301F-11D3-BF4B-00C04F79EFBC}") = "ProductCatalog.Services", "ProductCatalog.Services\ProductCatalog.Services.csproj", "{46F4A4A2-80EE-4277-9B12-105B4064CBE8}"
EndProject
Project("{FAE04EC0-301F-11D3-BF4B-00C04F79EFBC}") = "ProductCatalog.Core", "ProductCatalog.Core\ProductCatalog.Core.csproj", "{EB92148A-45EB-4C24-99D4-E607744CBAE4}"
EndProject
Global
	GlobalSection(SolutionConfigurationPlatforms) = preSolution
		Debug|Any CPU = Debug|Any CPU
		Release|Any CPU = Release|Any CPU
	EndGlobalSection
	GlobalSection(ProjectConfigurationPlatforms) = postSolution
		{3FC09D5A-37B4-499C-AEF8-8D4D91BA1EFB}.Debug|Any CPU.ActiveCfg = Debug|Any CPU
		{3FC09D5A-37B4-499C-AEF8-8D4D91BA1EFB}.Debug|Any CPU.Build.0 = Debug|Any CPU
		{3FC09D5A-37B4-499C-AEF8-8D4D91BA1EFB}.Release|Any CPU.ActiveCfg = Release|Any CPU
		{3FC09D5A-37B4-499C-AEF8-8D4D91BA1EFB}.Release|Any CPU.Build.0 = Release|Any CPU
		{DBBC976D-65E9-4EEF-ACB6-80A1FBE2710A}.Debug|Any CPU.ActiveCfg = Debug|Any CPU
		{DBBC976D-65E9-4EEF-ACB6-80A1FBE2710A}.Debug|Any CPU.Build.0 = Debug|Any CPU
		{DBBC976D-65E9-4EEF-ACB6-80A1FBE2710A}.Release|Any CPU.ActiveCfg = Release|Any CPU
		{DBBC976D-65E9-4EEF-ACB6-80A1FBE2710A}.Release|Any CPU.Build.0 = Release|Any CPU
		{46F4A4A2-80EE-4277-9B12-105B4064CBE8}.Debug|Any CPU.ActiveCfg = Debug|Any CPU
		{46F4A4A2-80EE-4277-9B12-105B4064CBE8}.Debug|Any CPU.Build.0 = Debug|Any CPU
		{46F4A4A2-80EE-4277-9B12-105B4064CBE8}.Release|Any CPU.ActiveCfg = Release|Any CPU
		{46F4A4A2-80EE-4277-9B12-105B4064CBE8}.Release|Any CPU.Build.0 = Release|Any CPU
		{EB92148A-45EB-4C24-99D4-E607744CBAE4}.Debug|Any CPU.ActiveCfg = Debug|Any CPU
		{EB92148A-45EB-4C24-99D4-E607744CBAE4}.Debug|Any CPU.Build.0 = Debug|Any CPU
		{EB92148A-45EB-4C24-99D4-E607744CBAE4}.Release|Any CPU.ActiveCfg = Release|Any CPU
		{EB92148A-45EB-4C24-99D4-E607744CBAE4}.Release|Any CPU.Build.0 = Release|Any CPU
	EndGlobalSection
	GlobalSection(SolutionProperties) = preSolution
		HideSolutionNode = FALSE
	EndGlobalSection
	GlobalSection(ExtensibilityGlobals) = postSolution
		SolutionGuid = {B4CFA441-B27A-4907-84AD-7226299BE5C8}
	EndGlobalSection
EndGlobal
